
Microsoft Visual Studio Solution File, Format Version 12.00
# Visual Studio Version 16
VisualStudioVersion = 16.0.31702.278
MinimumVisualStudioVersion = 10.0.40219.1
Project("{888888A0-9F3D-457C-B088-3A5042F75D52}") = "homework4", "homework4\homework4.pyproj", "{75C08B85-C6A7-4F66-A833-A2E3995D8F65}"
EndProject
Global
	GlobalSection(SolutionConfigurationPlatforms) = preSolution
		Debug|Any CPU = Debug|Any CPU
		Release|Any CPU = Release|Any CPU
	EndGlobalSection
	GlobalSection(ProjectConfigurationPlatforms) = postSolution
		{75C08B85-C6A7-4F66-A833-A2E3995D8F65}.Debug|Any CPU.ActiveCfg = Debug|Any CPU
		{75C08B85-C6A7-4F66-A833-A2E3995D8F65}.Release|Any CPU.ActiveCfg = Release|Any CPU
	EndGlobalSection
	GlobalSection(SolutionProperties) = preSolution
		HideSolutionNode = FALSE
	EndGlobalSection
	GlobalSection(ExtensibilityGlobals) = postSolution
		SolutionGuid = {DEF168DD-B861-4B40-A96D-F820D10ED9DF}
	EndGlobalSection
EndGlobal
